
Microsoft Visual Studio Solution File, Format Version 12.00
# Visual Studio Version 17
VisualStudioVersion = 17.4.33205.214
MinimumVisualStudioVersion = 10.0.40219.1
Project("{7A7A1C70-8E35-4092-AF2B-5E60D2761247}") = "TileAnimate", "TileAnimate/TileAnimate.csproj", "{1FA7E999-C661-4169-956E-DEE38A34BB8F}"
EndProject
Global
	GlobalSection(SolutionConfigurationPlatforms) = preSolution
		Debug|Any CPU = Debug|Any CPU
		Release|Any CPU = Release|Any CPU
	EndGlobalSection
	GlobalSection(ProjectConfigurationPlatforms) = postSolution
		{1FA7E999-C661-4169-956E-DEE38A34BB8F}.Debug|Any CPU.ActiveCfg = Debug|Any CPU
		{1FA7E999-C661-4169-956E-DEE38A34BB8F}.Debug|Any CPU.Build.0 = Debug|Any CPU
		{1FA7E999-C661-4169-956E-DEE38A34BB8F}.Release|Any CPU.ActiveCfg = Release|Any CPU
		{1FA7E999-C661-4169-956E-DEE38A34BB8F}.Release|Any CPU.Build.0 = Release|Any CPU
	EndGlobalSection
	GlobalSection(SolutionProperties) = preSolution
		HideSolutionNode = FALSE
	EndGlobalSection
	GlobalSection(ExtensibilityGlobals) = postSolution
		SolutionGuid = {3325204F-AE10-41B2-B535-BF8E80B544EB}
	EndGlobalSection
EndGlobal
